// !$*UTF8*$!
{
	archiveVersion = 1;
	classes = {
	};
	objectVersion = 56;
	objects = {

/* Begin PBXBuildFile section */
		AEF7C4102B0172F300B8ADFF /* AppDelegate.swift in Sources */ = {isa = PBXBuildFile; fileRef = AEF7C40F2B0172F300B8ADFF /* AppDelegate.swift */; };
		AEF7C4122B0172F300B8ADFF /* SceneDelegate.swift in Sources */ = {isa = PBXBuildFile; fileRef = AEF7C4112B0172F300B8ADFF /* SceneDelegate.swift */; };
		AEF7C4142B0172F300B8ADFF /* ViewController.swift in Sources */ = {isa = PBXBuildFile; fileRef = AEF7C4132B0172F300B8ADFF /* ViewController.swift */; };
		AEF7C4172B0172F300B8ADFF /* Main.storyboard in Resources */ = {isa = PBXBuildFile; fileRef = AEF7C4152B0172F300B8ADFF /* Main.storyboard */; };
		AEF7C4192B0172F400B8ADFF /* Assets.xcassets in Resources */ = {isa = PBXBuildFile; fileRef = AEF7C4182B0172F400B8ADFF /* Assets.xcassets */; };
		AEF7C41C2B0172F400B8ADFF /* LaunchScreen.storyboard in Resources */ = {isa = PBXBuildFile; fileRef = AEF7C41A2B0172F400B8ADFF /* LaunchScreen.storyboard */; };
		AEF7C4272B0172F400B8ADFF /* Final_FinalTests.swift in Sources */ = {isa = PBXBuildFile; fileRef = AEF7C4262B0172F400B8ADFF /* Final_FinalTests.swift */; };
		AEF7C4312B0172F400B8ADFF /* Final_FinalUITests.swift in Sources */ = {isa = PBXBuildFile; fileRef = AEF7C4302B0172F400B8ADFF /* Final_FinalUITests.swift */; };
		AEF7C4332B0172F400B8ADFF /* Final_FinalUITestsLaunchTests.swift in Sources */ = {isa = PBXBuildFile; fileRef = AEF7C4322B0172F400B8ADFF /* Final_FinalUITestsLaunchTests.swift */; };
		AEF7C4402B01769800B8ADFF /* Spending.swift in Sources */ = {isa = PBXBuildFile; fileRef = AEF7C43F2B01769800B8ADFF /* Spending.swift */; };
		AEF7C4422B0179CA00B8ADFF /* SpendingListViewController.swift in Sources */ = {isa = PBXBuildFile; fileRef = AEF7C4412B0179CA00B8ADFF /* SpendingListViewController.swift */; };
		AEF7C4442B017CD600B8ADFF /* SpendingCell.swift in Sources */ = {isa = PBXBuildFile; fileRef = AEF7C4432B017CD600B8ADFF /* SpendingCell.swift */; };
		AEF7C4462B0180E000B8ADFF /* SpendingComposeViewController.swift in Sources */ = {isa = PBXBuildFile; fileRef = AEF7C4452B0180E000B8ADFF /* SpendingComposeViewController.swift */; };
		AEF8C3B92B0D9353009A2C1E /* AccountViewController.swift in Sources */ = {isa = PBXBuildFile; fileRef = AEF8C3B82B0D9353009A2C1E /* AccountViewController.swift */; };
		AEF8C3BB2B0D9515009A2C1E /* EditAvatarViewController.swift in Sources */ = {isa = PBXBuildFile; fileRef = AEF8C3BA2B0D9515009A2C1E /* EditAvatarViewController.swift */; };
/* End PBXBuildFile section */

/* Begin PBXContainerItemProxy section */
		AEF7C4232B0172F400B8ADFF /* PBXContainerItemProxy */ = {
			isa = PBXContainerItemProxy;
			containerPortal = AEF7C4042B0172F300B8ADFF /* Project object */;
			proxyType = 1;
			remoteGlobalIDString = AEF7C40B2B0172F300B8ADFF;
			remoteInfo = "Final Final";
		};
		AEF7C42D2B0172F400B8ADFF /* PBXContainerItemProxy */ = {
			isa = PBXContainerItemProxy;
			containerPortal = AEF7C4042B0172F300B8ADFF /* Project object */;
			proxyType = 1;
			remoteGlobalIDString = AEF7C40B2B0172F300B8ADFF;
			remoteInfo = "Final Final";
		};
/* End PBXContainerItemProxy section */

/* Begin PBXFileReference section */
		AEF7C40C2B0172F300B8ADFF /* Final Final.app */ = {isa = PBXFileReference; explicitFileType = wrapper.application; includeInIndex = 0; path = "Final Final.app"; sourceTree = BUILT_PRODUCTS_DIR; };
		AEF7C40F2B0172F300B8ADFF /* AppDelegate.swift */ = {isa = PBXFileReference; lastKnownFileType = sourcecode.swift; path = AppDelegate.swift; sourceTree = "<group>"; };
		AEF7C4112B0172F300B8ADFF /* SceneDelegate.swift */ = {isa = PBXFileReference; lastKnownFileType = sourcecode.swift; path = SceneDelegate.swift; sourceTree = "<group>"; };
		AEF7C4132B0172F300B8ADFF /* ViewController.swift */ = {isa = PBXFileReference; lastKnownFileType = sourcecode.swift; path = ViewController.swift; sourceTree = "<group>"; };
		AEF7C4162B0172F300B8ADFF /* Base */ = {isa = PBXFileReference; lastKnownFileType = file.storyboard; name = Base; path = Base.lproj/Main.storyboard; sourceTree = "<group>"; };
		AEF7C4182B0172F400B8ADFF /* Assets.xcassets */ = {isa = PBXFileReference; lastKnownFileType = folder.assetcatalog; path = Assets.xcassets; sourceTree = "<group>"; };
		AEF7C41B2B0172F400B8ADFF /* Base */ = {isa = PBXFileReference; lastKnownFileType = file.storyboard; name = Base; path = Base.lproj/LaunchScreen.storyboard; sourceTree = "<group>"; };
		AEF7C41D2B0172F400B8ADFF /* Info.plist */ = {isa = PBXFileReference; lastKnownFileType = text.plist.xml; path = Info.plist; sourceTree = "<group>"; };
		AEF7C4222B0172F400B8ADFF /* Final FinalTests.xctest */ = {isa = PBXFileReference; explicitFileType = wrapper.cfbundle; includeInIndex = 0; path = "Final FinalTests.xctest"; sourceTree = BUILT_PRODUCTS_DIR; };
		AEF7C4262B0172F400B8ADFF /* Final_FinalTests.swift */ = {isa = PBXFileReference; lastKnownFileType = sourcecode.swift; path = Final_FinalTests.swift; sourceTree = "<group>"; };
		AEF7C42C2B0172F400B8ADFF /* Final FinalUITests.xctest */ = {isa = PBXFileReference; explicitFileType = wrapper.cfbundle; includeInIndex = 0; path = "Final FinalUITests.xctest"; sourceTree = BUILT_PRODUCTS_DIR; };
		AEF7C4302B0172F400B8ADFF /* Final_FinalUITests.swift */ = {isa = PBXFileReference; lastKnownFileType = sourcecode.swift; path = Final_FinalUITests.swift; sourceTree = "<group>"; };
		AEF7C4322B0172F400B8ADFF /* Final_FinalUITestsLaunchTests.swift */ = {isa = PBXFileReference; lastKnownFileType = sourcecode.swift; path = Final_FinalUITestsLaunchTests.swift; sourceTree = "<group>"; };
		AEF7C43F2B01769800B8ADFF /* Spending.swift */ = {isa = PBXFileReference; lastKnownFileType = sourcecode.swift; path = Spending.swift; sourceTree = "<group>"; };
		AEF7C4412B0179CA00B8ADFF /* SpendingListViewController.swift */ = {isa = PBXFileReference; lastKnownFileType = sourcecode.swift; path = SpendingListViewController.swift; sourceTree = "<group>"; };
		AEF7C4432B017CD600B8ADFF /* SpendingCell.swift */ = {isa = PBXFileReference; lastKnownFileType = sourcecode.swift; path = SpendingCell.swift; sourceTree = "<group>"; };
		AEF7C4452B0180E000B8ADFF /* SpendingComposeViewController.swift */ = {isa = PBXFileReference; lastKnownFileType = sourcecode.swift; path = SpendingComposeViewController.swift; sourceTree = "<group>"; };
		AEF8C3B82B0D9353009A2C1E /* AccountViewController.swift */ = {isa = PBXFileReference; lastKnownFileType = sourcecode.swift; path = AccountViewController.swift; sourceTree = "<group>"; };
		AEF8C3BA2B0D9515009A2C1E /* EditAvatarViewController.swift */ = {isa = PBXFileReference; lastKnownFileType = sourcecode.swift; path = EditAvatarViewController.swift; sourceTree = "<group>"; };
/* End PBXFileReference section */

/* Begin PBXFrameworksBuildPhase section */
		AEF7C4092B0172F300B8ADFF /* Frameworks */ = {
			isa = PBXFrameworksBuildPhase;
			buildActionMask = 2147483647;
			files = (
			);
			runOnlyForDeploymentPostprocessing = 0;
		};
		AEF7C41F2B0172F400B8ADFF /* Frameworks */ = {
			isa = PBXFrameworksBuildPhase;
			buildActionMask = 2147483647;
			files = (
			);
			runOnlyForDeploymentPostprocessing = 0;
		};
		AEF7C4292B0172F400B8ADFF /* Frameworks */ = {
			isa = PBXFrameworksBuildPhase;
			buildActionMask = 2147483647;
			files = (
			);
			runOnlyForDeploymentPostprocessing = 0;
		};
/* End PBXFrameworksBuildPhase section */

/* Begin PBXGroup section */
		AEF7C4032B0172F300B8ADFF = {
			isa = PBXGroup;
			children = (
				AEF7C40E2B0172F300B8ADFF /* Final Final */,
				AEF7C4252B0172F400B8ADFF /* Final FinalTests */,
				AEF7C42F2B0172F400B8ADFF /* Final FinalUITests */,
				AEF7C40D2B0172F300B8ADFF /* Products */,
			);
			sourceTree = "<group>";
		};
		AEF7C40D2B0172F300B8ADFF /* Products */ = {
			isa = PBXGroup;
			children = (
				AEF7C40C2B0172F300B8ADFF /* Final Final.app */,
				AEF7C4222B0172F400B8ADFF /* Final FinalTests.xctest */,
				AEF7C42C2B0172F400B8ADFF /* Final FinalUITests.xctest */,
			);
			name = Products;
			sourceTree = "<group>";
		};
		AEF7C40E2B0172F300B8ADFF /* Final Final */ = {
			isa = PBXGroup;
			children = (
				AEF7C40F2B0172F300B8ADFF /* AppDelegate.swift */,
				AEF7C4112B0172F300B8ADFF /* SceneDelegate.swift */,
				AEF7C4132B0172F300B8ADFF /* ViewController.swift */,
				AEF7C4152B0172F300B8ADFF /* Main.storyboard */,
				AEF8C3BA2B0D9515009A2C1E /* EditAvatarViewController.swift */,
				AEF8C3B82B0D9353009A2C1E /* AccountViewController.swift */,
				AEF7C4452B0180E000B8ADFF /* SpendingComposeViewController.swift */,
				AEF7C4412B0179CA00B8ADFF /* SpendingListViewController.swift */,
				AEF7C4432B017CD600B8ADFF /* SpendingCell.swift */,
				AEF7C4182B0172F400B8ADFF /* Assets.xcassets */,
				AEF7C41A2B0172F400B8ADFF /* LaunchScreen.storyboard */,
				AEF7C41D2B0172F400B8ADFF /* Info.plist */,
				AEF7C43F2B01769800B8ADFF /* Spending.swift */,
			);
			path = "Final Final";
			sourceTree = "<group>";
		};
		AEF7C4252B0172F400B8ADFF /* Final FinalTests */ = {
			isa = PBXGroup;
			children = (
				AEF7C4262B0172F400B8ADFF /* Final_FinalTests.swift */,
			);
			path = "Final FinalTests";
			sourceTree = "<group>";
		};
		AEF7C42F2B0172F400B8ADFF /* Final FinalUITests */ = {
			isa = PBXGroup;
			children = (
				AEF7C4302B0172F400B8ADFF /* Final_FinalUITests.swift */,
				AEF7C4322B0172F400B8ADFF /* Final_FinalUITestsLaunchTests.swift */,
			);
			path = "Final FinalUITests";
			sourceTree = "<group>";
		};
/* End PBXGroup section */

/* Begin PBXNativeTarget section */
		AEF7C40B2B0172F300B8ADFF /* Final Final */ = {
			isa = PBXNativeTarget;
			buildConfigurationList = AEF7C4362B0172F400B8ADFF /* Build configuration list for PBXNativeTarget "Final Final" */;
			buildPhases = (
				AEF7C4082B0172F300B8ADFF /* Sources */,
				AEF7C4092B0172F300B8ADFF /* Frameworks */,
				AEF7C40A2B0172F300B8ADFF /* Resources */,
			);
			buildRules = (
			);
			dependencies = (
			);
			name = "Final Final";
			productName = "Final Final";
			productReference = AEF7C40C2B0172F300B8ADFF /* Final Final.app */;
			productType = "com.apple.product-type.application";
		};
		AEF7C4212B0172F400B8ADFF /* Final FinalTests */ = {
			isa = PBXNativeTarget;
			buildConfigurationList = AEF7C4392B0172F400B8ADFF /* Build configuration list for PBXNativeTarget "Final FinalTests" */;
			buildPhases = (
				AEF7C41E2B0172F400B8ADFF /* Sources */,
				AEF7C41F2B0172F400B8ADFF /* Frameworks */,
				AEF7C4202B0172F400B8ADFF /* Resources */,
			);
			buildRules = (
			);
			dependencies = (
				AEF7C4242B0172F400B8ADFF /* PBXTargetDependency */,
			);
			name = "Final FinalTests";
			productName = "Final FinalTests";
			productReference = AEF7C4222B0172F400B8ADFF /* Final FinalTests.xctest */;
			productType = "com.apple.product-type.bundle.unit-test";
		};
		AEF7C42B2B0172F400B8ADFF /* Final FinalUITests */ = {
			isa = PBXNativeTarget;
			buildConfigurationList = AEF7C43C2B0172F400B8ADFF /* Build configuration list for PBXNativeTarget "Final FinalUITests" */;
			buildPhases = (
				AEF7C4282B0172F400B8ADFF /* Sources */,
				AEF7C4292B0172F400B8ADFF /* Frameworks */,
				AEF7C42A2B0172F400B8ADFF /* Resources */,
			);
			buildRules = (
			);
			dependencies = (
				AEF7C42E2B0172F400B8ADFF /* PBXTargetDependency */,
			);
			name = "Final FinalUITests";
			productName = "Final FinalUITests";
			productReference = AEF7C42C2B0172F400B8ADFF /* Final FinalUITests.xctest */;
			productType = "com.apple.product-type.bundle.ui-testing";
		};
/* End PBXNativeTarget section */

/* Begin PBXProject section */
		AEF7C4042B0172F300B8ADFF /* Project object */ = {
			isa = PBXProject;
			attributes = {
				BuildIndependentTargetsInParallel = 1;
				LastSwiftUpdateCheck = 1500;
				LastUpgradeCheck = 1500;
				TargetAttributes = {
					AEF7C40B2B0172F300B8ADFF = {
						CreatedOnToolsVersion = 15.0.1;
					};
					AEF7C4212B0172F400B8ADFF = {
						CreatedOnToolsVersion = 15.0.1;
						TestTargetID = AEF7C40B2B0172F300B8ADFF;
					};
					AEF7C42B2B0172F400B8ADFF = {
						CreatedOnToolsVersion = 15.0.1;
						TestTargetID = AEF7C40B2B0172F300B8ADFF;
					};
				};
			};
			buildConfigurationList = AEF7C4072B0172F300B8ADFF /* Build configuration list for PBXProject "Final Final" */;
			compatibilityVersion = "Xcode 14.0";
			developmentRegion = en;
			hasScannedForEncodings = 0;
			knownRegions = (
				en,
				Base,
			);
			mainGroup = AEF7C4032B0172F300B8ADFF;
			productRefGroup = AEF7C40D2B0172F300B8ADFF /* Products */;
			projectDirPath = "";
			projectRoot = "";
			targets = (
				AEF7C40B2B0172F300B8ADFF /* Final Final */,
				AEF7C4212B0172F400B8ADFF /* Final FinalTests */,
				AEF7C42B2B0172F400B8ADFF /* Final FinalUITests */,
			);
		};
/* End PBXProject section */

/* Begin PBXResourcesBuildPhase section */
		AEF7C40A2B0172F300B8ADFF /* Resources */ = {
			isa = PBXResourcesBuildPhase;
			buildActionMask = 2147483647;
			files = (
				AEF7C41C2B0172F400B8ADFF /* LaunchScreen.storyboard in Resources */,
				AEF7C4192B0172F400B8ADFF /* Assets.xcassets in Resources */,
				AEF7C4172B0172F300B8ADFF /* Main.storyboard in Resources */,
			);
			runOnlyForDeploymentPostprocessing = 0;
		};
		AEF7C4202B0172F400B8ADFF /* Resources */ = {
			isa = PBXResourcesBuildPhase;
			buildActionMask = 2147483647;
			files = (
			);
			runOnlyForDeploymentPostprocessing = 0;
		};
		AEF7C42A2B0172F400B8ADFF /* Resources */ = {
			isa = PBXResourcesBuildPhase;
			buildActionMask = 2147483647;
			files = (
			);
			runOnlyForDeploymentPostprocessing = 0;
		};
/* End PBXResourcesBuildPhase section */

/* Begin PBXSourcesBuildPhase section */
		AEF7C4082B0172F300B8ADFF /* Sources */ = {
			isa = PBXSourcesBuildPhase;
			buildActionMask = 2147483647;
			files = (
				AEF7C4142B0172F300B8ADFF /* ViewController.swift in Sources */,
				AEF7C4402B01769800B8ADFF /* Spending.swift in Sources */,
				AEF8C3B92B0D9353009A2C1E /* AccountViewController.swift in Sources */,
				AEF7C4102B0172F300B8ADFF /* AppDelegate.swift in Sources */,
				AEF7C4122B0172F300B8ADFF /* SceneDelegate.swift in Sources */,
				AEF7C4422B0179CA00B8ADFF /* SpendingListViewController.swift in Sources */,
				AEF8C3BB2B0D9515009A2C1E /* EditAvatarViewController.swift in Sources */,
				AEF7C4442B017CD600B8ADFF /* SpendingCell.swift in Sources */,
				AEF7C4462B0180E000B8ADFF /* SpendingComposeViewController.swift in Sources */,
			);
			runOnlyForDeploymentPostprocessing = 0;
		};
		AEF7C41E2B0172F400B8ADFF /* Sources */ = {
			isa = PBXSourcesBuildPhase;
			buildActionMask = 2147483647;
			files = (
				AEF7C4272B0172F400B8ADFF /* Final_FinalTests.swift in Sources */,
			);
			runOnlyForDeploymentPostprocessing = 0;
		};
		AEF7C4282B0172F400B8ADFF /* Sources */ = {
			isa = PBXSourcesBuildPhase;
			buildActionMask = 2147483647;
			files = (
				AEF7C4332B0172F400B8ADFF /* Final_FinalUITestsLaunchTests.swift in Sources */,
				AEF7C4312B0172F400B8ADFF /* Final_FinalUITests.swift in Sources */,
			);
			runOnlyForDeploymentPostprocessing = 0;
		};
/* End PBXSourcesBuildPhase section */

/* Begin PBXTargetDependency section */
		AEF7C4242B0172F400B8ADFF /* PBXTargetDependency */ = {
			isa = PBXTargetDependency;
			target = AEF7C40B2B0172F300B8ADFF /* Final Final */;
			targetProxy = AEF7C4232B0172F400B8ADFF /* PBXContainerItemProxy */;
		};
		AEF7C42E2B0172F400B8ADFF /* PBXTargetDependency */ = {
			isa = PBXTargetDependency;
			target = AEF7C40B2B0172F300B8ADFF /* Final Final */;
			targetProxy = AEF7C42D2B0172F400B8ADFF /* PBXContainerItemProxy */;
		};
/* End PBXTargetDependency section */

/* Begin PBXVariantGroup section */
		AEF7C4152B0172F300B8ADFF /* Main.storyboard */ = {
			isa = PBXVariantGroup;
			children = (
				AEF7C4162B0172F300B8ADFF /* Base */,
			);
			name = Main.storyboard;
			sourceTree = "<group>";
		};
		AEF7C41A2B0172F400B8ADFF /* LaunchScreen.storyboard */ = {
			isa = PBXVariantGroup;
			children = (
				AEF7C41B2B0172F400B8ADFF /* Base */,
			);
			name = LaunchScreen.storyboard;
			sourceTree = "<group>";
		};
/* End PBXVariantGroup section */

/* Begin XCBuildConfiguration section */
		AEF7C4342B0172F400B8ADFF /* Debug */ = {
			isa = XCBuildConfiguration;
			buildSettings = {
				ALWAYS_SEARCH_USER_PATHS = NO;
				ASSETCATALOG_COMPILER_GENERATE_SWIFT_ASSET_SYMBOL_EXTENSIONS = YES;
				CLANG_ANALYZER_NONNULL = YES;
				CLANG_ANALYZER_NUMBER_OBJECT_CONVERSION = YES_AGGRESSIVE;
				CLANG_CXX_LANGUAGE_STANDARD = "gnu++20";
				CLANG_ENABLE_MODULES = YES;
				CLANG_ENABLE_OBJC_ARC = YES;
				CLANG_ENABLE_OBJC_WEAK = YES;
				CLANG_WARN_BLOCK_CAPTURE_AUTORELEASING = YES;
				CLANG_WARN_BOOL_CONVERSION = YES;
				CLANG_WARN_COMMA = YES;
				CLANG_WARN_CONSTANT_CONVERSION = YES;
				CLANG_WARN_DEPRECATED_OBJC_IMPLEMENTATIONS = YES;
				CLANG_WARN_DIRECT_OBJC_ISA_USAGE = YES_ERROR;
				CLANG_WARN_DOCUMENTATION_COMMENTS = YES;
				CLANG_WARN_EMPTY_BODY = YES;
				CLANG_WARN_ENUM_CONVERSION = YES;
				CLANG_WARN_INFINITE_RECURSION = YES;
				CLANG_WARN_INT_CONVERSION = YES;
				CLANG_WARN_NON_LITERAL_NULL_CONVERSION = YES;
				CLANG_WARN_OBJC_IMPLICIT_RETAIN_SELF = YES;
				CLANG_WARN_OBJC_LITERAL_CONVERSION = YES;
				CLANG_WARN_OBJC_ROOT_CLASS = YES_ERROR;
				CLANG_WARN_QUOTED_INCLUDE_IN_FRAMEWORK_HEADER = YES;
				CLANG_WARN_RANGE_LOOP_ANALYSIS = YES;
				CLANG_WARN_STRICT_PROTOTYPES = YES;
				CLANG_WARN_SUSPICIOUS_MOVE = YES;
				CLANG_WARN_UNGUARDED_AVAILABILITY = YES_AGGRESSIVE;
				CLANG_WARN_UNREACHABLE_CODE = YES;
				CLANG_WARN__DUPLICATE_METHOD_MATCH = YES;
				COPY_PHASE_STRIP = NO;
				DEBUG_INFORMATION_FORMAT = dwarf;
				ENABLE_STRICT_OBJC_MSGSEND = YES;
				ENABLE_TESTABILITY = YES;
				ENABLE_USER_SCRIPT_SANDBOXING = YES;
				GCC_C_LANGUAGE_STANDARD = gnu17;
				GCC_DYNAMIC_NO_PIC = NO;
				GCC_NO_COMMON_BLOCKS = YES;
				GCC_OPTIMIZATION_LEVEL = 0;
				GCC_PREPROCESSOR_DEFINITIONS = (
					"DEBUG=1",
					"$(inherited)",
				);
				GCC_WARN_64_TO_32_BIT_CONVERSION = YES;
				GCC_WARN_ABOUT_RETURN_TYPE = YES_ERROR;
				GCC_WARN_UNDECLARED_SELECTOR = YES;
				GCC_WARN_UNINITIALIZED_AUTOS = YES_AGGRESSIVE;
				GCC_WARN_UNUSED_FUNCTION = YES;
				GCC_WARN_UNUSED_VARIABLE = YES;
				IPHONEOS_DEPLOYMENT_TARGET = 17.0;
				LOCALIZATION_PREFERS_STRING_CATALOGS = YES;
				MTL_ENABLE_DEBUG_INFO = INCLUDE_SOURCE;
				MTL_FAST_MATH = YES;
				ONLY_ACTIVE_ARCH = YES;
				SDKROOT = iphoneos;
				SWIFT_ACTIVE_COMPILATION_CONDITIONS = "DEBUG $(inherited)";
				SWIFT_OPTIMIZATION_LEVEL = "-Onone";
			};
			name = Debug;
		};
		AEF7C4352B0172F400B8ADFF /* Release */ = {
			isa = XCBuildConfiguration;
			buildSettings = {
				ALWAYS_SEARCH_USER_PATHS = NO;
				ASSETCATALOG_COMPILER_GENERATE_SWIFT_ASSET_SYMBOL_EXTENSIONS = YES;
				CLANG_ANALYZER_NONNULL = YES;
				CLANG_ANALYZER_NUMBER_OBJECT_CONVERSION = YES_AGGRESSIVE;
				CLANG_CXX_LANGUAGE_STANDARD = "gnu++20";
				CLANG_ENABLE_MODULES = YES;
				CLANG_ENABLE_OBJC_ARC = YES;
				CLANG_ENABLE_OBJC_WEAK = YES;
				CLANG_WARN_BLOCK_CAPTURE_AUTORELEASING = YES;
				CLANG_WARN_BOOL_CONVERSION = YES;
				CLANG_WARN_COMMA = YES;
				CLANG_WARN_CONSTANT_CONVERSION = YES;
				CLANG_WARN_DEPRECATED_OBJC_IMPLEMENTATIONS = YES;
				CLANG_WARN_DIRECT_OBJC_ISA_USAGE = YES_ERROR;
				CLANG_WARN_DOCUMENTATION_COMMENTS = YES;
				CLANG_WARN_EMPTY_BODY = YES;
				CLANG_WARN_ENUM_CONVERSION = YES;
				CLANG_WARN_INFINITE_RECURSION = YES;
				CLANG_WARN_INT_CONVERSION = YES;
				CLANG_WARN_NON_LITERAL_NULL_CONVERSION = YES;
				CLANG_WARN_OBJC_IMPLICIT_RETAIN_SELF = YES;
				CLANG_WARN_OBJC_LITERAL_CONVERSION = YES;
				CLANG_WARN_OBJC_ROOT_CLASS = YES_ERROR;
				CLANG_WARN_QUOTED_INCLUDE_IN_FRAMEWORK_HEADER = YES;
				CLANG_WARN_RANGE_LOOP_ANALYSIS = YES;
				CLANG_WARN_STRICT_PROTOTYPES = YES;
				CLANG_WARN_SUSPICIOUS_MOVE = YES;
				CLANG_WARN_UNGUARDED_AVAILABILITY = YES_AGGRESSIVE;
				CLANG_WARN_UNREACHABLE_CODE = YES;
				CLANG_WARN__DUPLICATE_METHOD_MATCH = YES;
				COPY_PHASE_STRIP = NO;
				DEBUG_INFORMATION_FORMAT = "dwarf-with-dsym";
				ENABLE_NS_ASSERTIONS = NO;
				ENABLE_STRICT_OBJC_MSGSEND = YES;
				ENABLE_USER_SCRIPT_SANDBOXING = YES;
				GCC_C_LANGUAGE_STANDARD = gnu17;
				GCC_NO_COMMON_BLOCKS = YES;
				GCC_WARN_64_TO_32_BIT_CONVERSION = YES;
				GCC_WARN_ABOUT_RETURN_TYPE = YES_ERROR;
				GCC_WARN_UNDECLARED_SELECTOR = YES;
				GCC_WARN_UNINITIALIZED_AUTOS = YES_AGGRESSIVE;
				GCC_WARN_UNUSED_FUNCTION = YES;
				GCC_WARN_UNUSED_VARIABLE = YES;
				IPHONEOS_DEPLOYMENT_TARGET = 17.0;
				LOCALIZATION_PREFERS_STRING_CATALOGS = YES;
				MTL_ENABLE_DEBUG_INFO = NO;
				MTL_FAST_MATH = YES;
				SDKROOT = iphoneos;
				SWIFT_COMPILATION_MODE = wholemodule;
				VALIDATE_PRODUCT = YES;
			};
			name = Release;
		};
		AEF7C4372B0172F400B8ADFF /* Debug */ = {
			isa = XCBuildConfiguration;
			buildSettings = {
				ASSETCATALOG_COMPILER_APPICON_NAME = AppIcon;
				ASSETCATALOG_COMPILER_GLOBAL_ACCENT_COLOR_NAME = AccentColor;
				CODE_SIGN_STYLE = Automatic;
				CURRENT_PROJECT_VERSION = 1;
				GENERATE_INFOPLIST_FILE = YES;
				INFOPLIST_FILE = "Final Final/Info.plist";
				INFOPLIST_KEY_UIApplicationSupportsIndirectInputEvents = YES;
				INFOPLIST_KEY_UILaunchStoryboardName = LaunchScreen;
				INFOPLIST_KEY_UIMainStoryboardFile = Main;
				INFOPLIST_KEY_UISupportedInterfaceOrientations_iPad = "UIInterfaceOrientationPortrait UIInterfaceOrientationPortraitUpsideDown UIInterfaceOrientationLandscapeLeft UIInterfaceOrientationLandscapeRight";
				INFOPLIST_KEY_UISupportedInterfaceOrientations_iPhone = "UIInterfaceOrientationPortrait UIInterfaceOrientationLandscapeLeft UIInterfaceOrientationLandscapeRight";
				LD_RUNPATH_SEARCH_PATHS = (
					"$(inherited)",
					"@executable_path/Frameworks",
				);
				MARKETING_VERSION = 1.0;
				PRODUCT_BUNDLE_IDENTIFIER = "iOS-CodePath.Final-Final";
				PRODUCT_NAME = "$(TARGET_NAME)";
				SWIFT_EMIT_LOC_STRINGS = YES;
				SWIFT_VERSION = 5.0;
				TARGETED_DEVICE_FAMILY = "1,2";
			};
			name = Debug;
		};
		AEF7C4382B0172F400B8ADFF /* Release */ = {
			isa = XCBuildConfiguration;
			buildSettings = {
				ASSETCATALOG_COMPILER_APPICON_NAME = AppIcon;
				ASSETCATALOG_COMPILER_GLOBAL_ACCENT_COLOR_NAME = AccentColor;
				CODE_SIGN_STYLE = Automatic;
				CURRENT_PROJECT_VERSION = 1;
				GENERATE_INFOPLIST_FILE = YES;
				INFOPLIST_FILE = "Final Final/Info.plist";
				INFOPLIST_KEY_UIApplicationSupportsIndirectInputEvents = YES;
				INFOPLIST_KEY_UILaunchStoryboardName = LaunchScreen;
				INFOPLIST_KEY_UIMainStoryboardFile = Main;
				INFOPLIST_KEY_UISupportedInterfaceOrientations_iPad = "UIInterfaceOrientationPortrait UIInterfaceOrientationPortraitUpsideDown UIInterfaceOrientationLandscapeLeft UIInterfaceOrientationLandscapeRight";
				INFOPLIST_KEY_UISupportedInterfaceOrientations_iPhone = "UIInterfaceOrientationPortrait UIInterfaceOrientationLandscapeLeft UIInterfaceOrientationLandscapeRight";
				LD_RUNPATH_SEARCH_PATHS = (
					"$(inherited)",
					"@executable_path/Frameworks",
				);
				MARKETING_VERSION = 1.0;
				PRODUCT_BUNDLE_IDENTIFIER = "iOS-CodePath.Final-Final";
				PRODUCT_NAME = "$(TARGET_NAME)";
				SWIFT_EMIT_LOC_STRINGS = YES;
				SWIFT_VERSION = 5.0;
				TARGETED_DEVICE_FAMILY = "1,2";
			};
			name = Release;
		};
		AEF7C43A2B0172F400B8ADFF /* Debug */ = {
			isa = XCBuildConfiguration;
			buildSettings = {
				ALWAYS_EMBED_SWIFT_STANDARD_LIBRARIES = YES;
				BUNDLE_LOADER = "$(TEST_HOST)";
				CODE_SIGN_STYLE = Automatic;
				CURRENT_PROJECT_VERSION = 1;
				GENERATE_INFOPLIST_FILE = YES;
				IPHONEOS_DEPLOYMENT_TARGET = 17.0;
				MARKETING_VERSION = 1.0;
				PRODUCT_BUNDLE_IDENTIFIER = "iOS-CodePath.Final-FinalTests";
				PRODUCT_NAME = "$(TARGET_NAME)";
				SWIFT_EMIT_LOC_STRINGS = NO;
				SWIFT_VERSION = 5.0;
				TARGETED_DEVICE_FAMILY = "1,2";
				TEST_HOST = "$(BUILT_PRODUCTS_DIR)/Final Final.app/$(BUNDLE_EXECUTABLE_FOLDER_PATH)/Final Final";
			};
			name = Debug;
		};
		AEF7C43B2B0172F400B8ADFF /* Release */ = {
			isa = XCBuildConfiguration;
			buildSettings = {
				ALWAYS_EMBED_SWIFT_STANDARD_LIBRARIES = YES;
				BUNDLE_LOADER = "$(TEST_HOST)";
				CODE_SIGN_STYLE = Automatic;
				CURRENT_PROJECT_VERSION = 1;
				GENERATE_INFOPLIST_FILE = YES;
				IPHONEOS_DEPLOYMENT_TARGET = 17.0;
				MARKETING_VERSION = 1.0;
				PRODUCT_BUNDLE_IDENTIFIER = "iOS-CodePath.Final-FinalTests";
				PRODUCT_NAME = "$(TARGET_NAME)";
				SWIFT_EMIT_LOC_STRINGS = NO;
				SWIFT_VERSION = 5.0;
				TARGETED_DEVICE_FAMILY = "1,2";
				TEST_HOST = "$(BUILT_PRODUCTS_DIR)/Final Final.app/$(BUNDLE_EXECUTABLE_FOLDER_PATH)/Final Final";
			};
			name = Release;
		};
		AEF7C43D2B0172F400B8ADFF /* Debug */ = {
			isa = XCBuildConfiguration;
			buildSettings = {
				ALWAYS_EMBED_SWIFT_STANDARD_LIBRARIES = YES;
				CODE_SIGN_STYLE = Automatic;
				CURRENT_PROJECT_VERSION = 1;
				GENERATE_INFOPLIST_FILE = YES;
				MARKETING_VERSION = 1.0;
				PRODUCT_BUNDLE_IDENTIFIER = "iOS-CodePath.Final-FinalUITests";
				PRODUCT_NAME = "$(TARGET_NAME)";
				SWIFT_EMIT_LOC_STRINGS = NO;
				SWIFT_VERSION = 5.0;
				TARGETED_DEVICE_FAMILY = "1,2";
				TEST_TARGET_NAME = "Final Final";
			};
			name = Debug;
		};
		AEF7C43E2B0172F400B8ADFF /* Release */ = {
			isa = XCBuildConfiguration;
			buildSettings = {
				ALWAYS_EMBED_SWIFT_STANDARD_LIBRARIES = YES;
				CODE_SIGN_STYLE = Automatic;
				CURRENT_PROJECT_VERSION = 1;
				GENERATE_INFOPLIST_FILE = YES;
				MARKETING_VERSION = 1.0;
				PRODUCT_BUNDLE_IDENTIFIER = "iOS-CodePath.Final-FinalUITests";
				PRODUCT_NAME = "$(TARGET_NAME)";
				SWIFT_EMIT_LOC_STRINGS = NO;
				SWIFT_VERSION = 5.0;
				TARGETED_DEVICE_FAMILY = "1,2";
				TEST_TARGET_NAME = "Final Final";
			};
			name = Release;
		};
/* End XCBuildConfiguration section */

/* Begin XCConfigurationList section */
		AEF7C4072B0172F300B8ADFF /* Build configuration list for PBXProject "Final Final" */ = {
			isa = XCConfigurationList;
			buildConfigurations = (
				AEF7C4342B0172F400B8ADFF /* Debug */,
				AEF7C4352B0172F400B8ADFF /* Release */,
			);
			defaultConfigurationIsVisible = 0;
			defaultConfigurationName = Release;
		};
		AEF7C4362B0172F400B8ADFF /* Build configuration list for PBXNativeTarget "Final Final" */ = {
			isa = XCConfigurationList;
			buildConfigurations = (
				AEF7C4372B0172F400B8ADFF /* Debug */,
				AEF7C4382B0172F400B8ADFF /* Release */,
			);
			defaultConfigurationIsVisible = 0;
			defaultConfigurationName = Release;
		};
		AEF7C4392B0172F400B8ADFF /* Build configuration list for PBXNativeTarget "Final FinalTests" */ = {
			isa = XCConfigurationList;
			buildConfigurations = (
				AEF7C43A2B0172F400B8ADFF /* Debug */,
				AEF7C43B2B0172F400B8ADFF /* Release */,
			);
			defaultConfigurationIsVisible = 0;
			defaultConfigurationName = Release;
		};
		AEF7C43C2B0172F400B8ADFF /* Build configuration list for PBXNativeTarget "Final FinalUITests" */ = {
			isa = XCConfigurationList;
			buildConfigurations = (
				AEF7C43D2B0172F400B8ADFF /* Debug */,
				AEF7C43E2B0172F400B8ADFF /* Release */,
			);
			defaultConfigurationIsVisible = 0;
			defaultConfigurationName = Release;
		};
/* End XCConfigurationList section */
	};
	rootObject = AEF7C4042B0172F300B8ADFF /* Project object */;
}
